# THIS IS AN AUTOGENERATED FILE. DO NOT EDIT THIS FILE DIRECTLY.
# yarn lockfile v1


"@types/estree@*":
  version "0.0.41"
  resolved "http://r.npm.sankuai.com/@types/estree/download/@types/estree-0.0.41.tgz#fd90754150b57432b72bf560530500597ff04421"
  integrity sha1-/ZB1QVC1dDK3K/VgUwUAWX/wRCE=

"@types/node@*":
  version "13.1.4"
  resolved "http://r.npm.sankuai.com/@types/node/download/@types/node-13.1.4.tgz#4cfd90175a200ee9b02bd6b1cd19bc349741607e"
  integrity sha1-TP2QF1ogDumwK9axzRm8NJdBYH4=

acorn@^7.1.0:
  version "7.1.0"
  resolved "http://r.npm.sankuai.com/acorn/download/acorn-7.1.0.tgz#949d36f2c292535da602283586c2477c57eb2d6c"
  integrity sha1-lJ028sKSU12mAig1hsJHfFfrLWw=

rollup@^1.28.0:
  version "1.28.0"
  resolved "http://r.npm.sankuai.com/rollup/download/rollup-1.28.0.tgz#d576a6a0fd7490b2e1f531ef8b411795fb80da87"
  integrity sha1-1XamoP10kLLh9THvi0EXlfuA2oc=
  dependencies:
    "@types/estree" "*"
    "@types/node" "*"
    acorn "^7.1.0"
